{
  "buildHash": "01dca6b4a56f01e5303d3bc30d15cfd0",
  "jsApi": {
    "apiInstances": [
      "Scan Layout"
    ],
    "apiAliases": {
      "src/Config.mad#Config": "{ expressions :: { cluster :: { attributes :: String, separator :: String }, edge :: { attributeJoin :: String, join :: String, link :: String }, graph :: { attributeEnd :: String, attributes :: String, separator :: String }, node :: { attributeEnd :: String, attributeJoin :: String, join :: String } }, logging :: String }",
      "src/Graph.mad#RelativeNumber": "String",
      "src/Cluster.mad#Layer": "String",
      "src/Graph.mad#GPoint": "String"
    },
    "apiInterfaces": {},
    "apiNames": {
      "src/Cluster.mad#renderAttributesWithConfig": "{ expressions :: { cluster :: { attributes :: String, separator :: String }, edge :: { attributeJoin :: String, join :: String, link :: String }, graph :: { attributeEnd :: String, attributes :: String, separator :: String }, node :: { attributeEnd :: String, attributeJoin :: String, join :: String } }, logging :: String } -> List ClusterAttribute -> String",
      "toString": "Vizier -> String",
      "src/Edge.mad#stringToDirection": "String -> Direction",
      "src/Node.mad#stringToShape": "String -> NodeShape",
      "src/Node.mad#renderNodesWithConfig": "{ expressions :: { cluster :: { attributes :: String, separator :: String }, edge :: { attributeJoin :: String, join :: String, link :: String }, graph :: { attributeEnd :: String, attributes :: String, separator :: String }, node :: { attributeEnd :: String, attributeJoin :: String, join :: String } }, logging :: String } -> List Node -> String",
      "src/Edge.mad#renderAttributesWithConfig": "{ ...base, expressions :: { ...base, edge :: { ...base, attributeJoin :: String } } } -> List EdgeAttribute -> String",
      "src/Node.mad#shapeToString": "NodeShape -> String",
      "src/Graph.mad#attributeToString": "GraphAttribute -> String",
      "src/Graph.mad#layoutToString": "Layout -> String",
      "src/Dot.mad#attr": "String -> String -> String",
      "src/Graph.mad#clusterModeToString": "ClusterMode -> String",
      "src/Graph.mad#stringToLayout": "String -> Layout",
      "src/Dot.mad#literalAttr": "String -> String -> String",
      "src/Cluster.mad#renderAttributes": "List ClusterAttribute -> String",
      "src/Geometry.mad#rectToString": "Rect -> String",
      "src/Config.mad#DEFAULT_CONFIG": "{ expressions :: { cluster :: { attributes :: String, separator :: String }, edge :: { attributeJoin :: String, join :: String, link :: String }, graph :: { attributeEnd :: String, attributes :: String, separator :: String }, node :: { attributeEnd :: String, attributeJoin :: String, join :: String } }, logging :: String }",
      "src/Edge.mad#styleToString": "EdgeStyle -> String",
      "src/Node.mad#renderAttributesWithConfig": "{ expressions :: { cluster :: { attributes :: String, separator :: String }, edge :: { attributeJoin :: String, join :: String, link :: String }, graph :: { attributeEnd :: String, attributes :: String, separator :: String }, node :: { attributeEnd :: String, attributeJoin :: String, join :: String } }, logging :: String } -> List NodeAttribute -> String",
      "src/Edge.mad#stringToStyle": "String -> EdgeStyle",
      "src/Node.mad#literalAttr": "String -> String -> String",
      "src/Graph.mad#attribute": "Boolean -> String -> String -> String",
      "src/Graph.mad#quadTypeToString": "QuadType -> String",
      "src/Node.mad#stringToStyleLiteral": "String -> NodeStyle",
      "src/Node.mad#styleLiteralToString": "NodeStyle -> String",
      "src/Node.mad#stringToImagePos": "String -> ImagePos",
      "src/Node.mad#imagePosToString": "ImagePos -> String",
      "src/Edge.mad#renderEdgesWithConfig": "{ ...base, expressions :: { ...base, edge :: { ...base, join :: String } } } -> List Edge -> String",
      "src/Graph.mad#layoutModeToString": "LayoutMode -> String",
      "src/String.mad#replaceIndentWithConfig": "String -> String -> Integer -> String -> String",
      "src/Node.mad#attributeToString": "NodeAttribute -> String",
      "src/String.mad#indentByDelimiter": "String -> Integer -> String -> String",
      "src/String.mad#unquote": "String -> String",
      "src/Edge.mad#portPositionToString": "PortPosition -> String",
      "src/Edge.mad#renderLinksWithConfig": "{ ...base, expressions :: { ...base, edge :: { ...base, link :: String } } } -> List String -> String",
      "src/Dot.mad#attributeWithDelimiter": "String -> Boolean -> String -> String -> String",
      "src/Cluster.mad#renderAttributesWithDelimiter": "String -> List ClusterAttribute -> String",
      "src/Graph.mad#outputModeToString": "OutputMode -> String",
      "src/String.mad#replaceNewlineIndent": "String -> Integer -> String -> String",
      "src/Edge.mad#stringToArrow": "String -> ArrowType",
      "src/Edge.mad#directionToString": "Direction -> String",
      "src/Edge.mad#toString": "Edge -> String",
      "src/Edge.mad#arrowToString": "ArrowType -> String",
      "src/Graph.mad#literalAttr": "String -> String -> String",
      "src/Cluster.mad#toString": "Integer -> Cluster -> String",
      "src/String.mad#hexish": "String -> Boolean",
      "src/Graph.mad#renderAttributesWithConfig": "{ expressions :: { cluster :: { attributes :: String, separator :: String }, edge :: { attributeJoin :: String, join :: String, link :: String }, graph :: { attributeEnd :: String, attributes :: String, separator :: String }, node :: { attributeEnd :: String, attributeJoin :: String, join :: String } }, logging :: String } -> List GraphAttribute -> String",
      "src/Cluster.mad#renderClustersWithConfig": "{ expressions :: { cluster :: { attributes :: String, separator :: String }, edge :: { attributeJoin :: String, join :: String, link :: String }, graph :: { attributeEnd :: String, attributes :: String, separator :: String }, node :: { attributeEnd :: String, attributeJoin :: String, join :: String } }, logging :: String } -> List Cluster -> String",
      "src/Edge.mad#renderEdges": "List Edge -> String",
      "src/String.mad#doubleToSingleQuote": "String -> String",
      "src/String.mad#indent": "Integer -> String -> String",
      "src/Node.mad#attribute": "Boolean -> String -> String -> String",
      "src/Edge.mad#renderLinks": "List String -> String",
      "src/Node.mad#renderNode": "Node -> String",
      "src/String.mad#replaceNewline": "Integer -> String -> String",
      "src/Graph.mad#pageDirToString": "PageDir -> String",
      "src/Edge.mad#renderAttributes": "List EdgeAttribute -> String",
      "src/Graph.mad#attr": "String -> String -> String",
      "src/Node.mad#renderAttributes": "List NodeAttribute -> String",
      "src/String.mad#indenture": "String -> Integer -> String",
      "src/Graph.mad#toString": "Graph -> String",
      "src/Cluster.mad#styleLiteralToString": "ClusterStyle -> String",
      "src/Cluster.mad#stringToStyleLiteral": "String -> ClusterStyle",
      "src/Node.mad#attr": "String -> String -> String",
      "src/Node.mad#renderNodes": "List Node -> String",
      "src/Cluster.mad#attributeToString": "ClusterAttribute -> String",
      "src/Cluster.mad#renderClusters": "List Cluster -> String",
      "src/Edge.mad#attributeToString": "EdgeAttribute -> String",
      "src/Cluster.mad#justificationToString": "Justification -> String",
      "src/Graph.mad#renderAttributes": "List GraphAttribute -> String",
      "src/Dot.mad#attribute": "Boolean -> String -> String -> String",
      "src/Graph.mad#smoothTypeToString": "SmoothType -> String"
    },
    "apiTypes": {
      "src/Graph.mad#LayoutMode": [
        "NeatoMajor",
        "NeatoKK",
        "NeatoSGD",
        "NeatoHier",
        "NeatoIpSep"
      ],
      "src/Cluster.mad#ClusterStyle": [
        "ClusterStyleFilled",
        "ClusterStyleStriped",
        "ClusterStyleRounded"
      ],
      "src/Graph.mad#QuadType": [
        "QuadNormal",
        "QuadFast",
        "QuadNone"
      ],
      "src/Edge.mad#PortPosition": [
        "Central",
        "East",
        "North",
        "NorthEast",
        "NorthWest",
        "PortGap",
        "South",
        "SouthEast",
        "SouthWest"
      ],
      "src/Cluster.mad#Cluster": [
        "Cluster String (List ClusterAttribute) (List Node) (List Edge)"
      ],
      "src/Graph.mad#RankDir": [
        "RankDirTB",
        "RankDirLR",
        "RankDirBT",
        "RankDirRL"
      ],
      "src/Node.mad#NodeAttribute": [
        "Area Float",
        "Class String",
        "Color String",
        "Colorscheme String",
        "Comment String",
        "Distortion Float",
        "Fillcolor String",
        "Fixedsize Boolean",
        "Fontcolor String",
        "Fontname String",
        "Fontsize String",
        "Gradientangle Integer",
        "Group String",
        "Height Float",
        "Href String",
        "Id String",
        "Image String",
        "Imagepos ImagePos",
        "Imagescale String",
        "Label String",
        "Labelloc String",
        "Layer String",
        "Margin Float",
        "Nojustify Boolean",
        "Ordering String",
        "Orientation Float",
        "Penwidth Float",
        "Peripheries Integer",
        "Pin Boolean",
        "Pos String",
        "Rects (List Rect)",
        "Regular Boolean",
        "Root String",
        "Samplepoints Integer",
        "Shape NodeShape",
        "Showboxes Integer",
        "Sides Integer",
        "Skew Float",
        "Sortv Integer",
        "Style NodeStyle",
        "Target String",
        "Tooltip String",
        "URL String",
        "Vertices String",
        "Width Float",
        "Xlabel String",
        "Xlp String",
        "Z Float",
        "UnmatchedNodeAttribute"
      ],
      "src/Edge.mad#EdgeStyle": [
        "EdgeStyleDashed",
        "EdgeStyleDotted",
        "EdgeStyleSolid",
        "EdgeStyleInvis",
        "EdgeStyleBold",
        "EdgeStyleTapered"
      ],
      "src/Graph.mad#ClusterMode": [
        "ClusterModeLocal",
        "ClusterModeGlobal",
        "ClusterModeNone"
      ],
      "src/Graph.mad#Layout": [
        "LayoutDot",
        "LayoutNeato",
        "LayoutFDP",
        "LayoutSFDP",
        "LayoutCirco",
        "LayoutTwopi",
        "LayoutOsage",
        "LayoutPatchwork"
      ],
      "Vizier": [
        "Vizier String (List GraphAttribute) (List Graph) (List Cluster) (List Node) (List Edge)"
      ],
      "src/Graph.mad#SmoothType": [
        "SmoothNone",
        "SmoothAvgDist",
        "SmoothGraphDist",
        "SmoothPowerDist",
        "SmoothRng",
        "SmoothSpring",
        "SmoothTriangle"
      ],
      "src/Edge.mad#EdgeAttribute": [
        "Arrowhead ArrowType",
        "Arrowsize Float",
        "Arrowtail ArrowType",
        "Class String",
        "Color String",
        "Colorscheme String",
        "Comment String",
        "Constraint Boolean",
        "Decorate Boolean",
        "Dir Direction",
        "Edgehref String",
        "Edgetarget String",
        "Edgetooltip String",
        "EdgeURL String",
        "Fillcolor String",
        "Fontcolor String",
        "Fontname String",
        "Fontsize Float",
        "HeadLp String",
        "Headclip Boolean",
        "Headhref String",
        "Headlabel String",
        "Headport PortPosition",
        "Headtarget String",
        "Headtooltip String",
        "HeadURL String",
        "Href String",
        "Id String",
        "Label String",
        "Labelangle Float",
        "Labeldistance Float",
        "Labelfloat Boolean",
        "Labelfontcolor String",
        "Labelfontname String",
        "Labelfontsize Float",
        "Labelhref String",
        "Labeltarget String",
        "Labeltooltip String",
        "LabelURL String",
        "Layer String",
        "Len Float",
        "Lhead String",
        "Lp String",
        "Ltail String",
        "Minlen Integer",
        "Nojustify Boolean",
        "Penwidth Integer",
        "Pos String",
        "Radius Float",
        "Samehead String",
        "Sametail String",
        "Showboxes Integer",
        "Style EdgeStyle",
        "TailLp String",
        "Tailclip Boolean",
        "Tailhref String",
        "Taillabel String",
        "Tailport PortPosition",
        "Tailtarget String",
        "Tailtooltip String",
        "TailURL String",
        "Target String",
        "Tooltip String",
        "URL String",
        "Weight Float",
        "Xlabel String",
        "Xlp String",
        "UnmatchedEdgeAttribute"
      ],
      "src/Graph.mad#PageDir": [
        "PageDirBL",
        "PageDirBR",
        "PageDirTL",
        "PageDirTR",
        "PageDirRB",
        "PageDirRT",
        "PageDirLB",
        "PageDirLT"
      ],
      "src/Edge.mad#ArrowType": [
        "ArrowNormal",
        "ArrowInv",
        "ArrowDot",
        "ArrowInvdot",
        "ArrowOdot",
        "ArrowInvodot",
        "ArrowNone",
        "ArrowTee",
        "ArrowEmpty",
        "ArrowInvempty",
        "ArrowDiamond",
        "ArrowOdiamond",
        "ArrowEdiamond",
        "ArrowCrow",
        "ArrowObox",
        "ArrowOpen",
        "ArrowHalfopen",
        "ArrowVee",
        "ArrowBox"
      ],
      "src/Graph.mad#StartType": [
        "StartRegular",
        "StartSelf",
        "StartRandom"
      ],
      "src/Node.mad#NodeStyle": [
        "NodeStyleDashed",
        "NodeStyleDotted",
        "NodeStyleSolid",
        "NodeStyleInvis",
        "NodeStyleBold",
        "NodeStyleFilled",
        "NodeStyleStriped",
        "NodeStyleWedged",
        "NodeStyleDiagonals",
        "NodeStyleRounded"
      ],
      "src/Geometry.mad#Rect": [
        "Rect Integer Integer Integer Integer"
      ],
      "src/Node.mad#Node": [
        "Node String (List NodeAttribute)",
        "GlobalNode (List NodeAttribute)"
      ],
      "src/Graph.mad#GraphAttribute": [
        "Damping Float",
        "K Float",
        "TBbalance String",
        "URL String",
        "Background String",
        "Bb Rect",
        "Beautify Boolean",
        "Bgcolor String",
        "Center Boolean",
        "Charset String",
        "Class String",
        "Clusterrank ClusterMode",
        "Colorscheme String",
        "Comment String",
        "Compound Boolean",
        "Concentrate Boolean",
        "Defaultdist Float",
        "Dim Integer",
        "Dimen Integer",
        "Diredgeconstraints String Boolean",
        "Dpi Float",
        "Epsilon Float",
        "Esep RelativeNumber",
        "Fontcolor String",
        "Fontname String",
        "Fontnames String",
        "Fontpath String",
        "Fontsize Float",
        "Forcelabels Boolean",
        "Gradientangle Integer",
        "Href String",
        "Id String",
        "Imagepath String",
        "Inputscale Float",
        "Label String",
        "LabelScheme Integer",
        "Labeljust String",
        "Labelloc String",
        "Landscape Boolean",
        "Layerlistsep String",
        "Layers String",
        "Layerselect String",
        "Layersep String",
        "Layout Layout",
        "Levels Integer",
        "Levelsgap Float",
        "Lheight Float",
        "Linelength Integer",
        "Lp GPoint",
        "Lwidth Float",
        "Margin Float",
        "Maxiter Integer",
        "Mclimit Float",
        "Mindist Float",
        "Mode LayoutMode",
        "Model String",
        "Newrank Boolean",
        "Nodesep Float",
        "Nojustify Boolean",
        "Normalize Float",
        "Notranslate Boolean",
        "Nslimit Float",
        "Nslimit1 Float",
        "Oneblock Boolean",
        "Ordering String",
        "Orientation Float",
        "Outputorder OutputMode",
        "Overlap String",
        "OverlapScaling Float",
        "OverlapShrink Boolean",
        "Pack Boolean",
        "Packmode String",
        "Pad Float",
        "Page Float",
        "Pagedir PageDir",
        "Quadtree QuadType",
        "Quantum Float",
        "Rankdir String",
        "Ranksep (List Float)",
        "Ratio Float",
        "Remincross Boolean",
        "Repulsiveforce Float",
        "Resolution Float",
        "Root String",
        "Rotate Integer",
        "Rotation Float",
        "Scale Float",
        "Searchsize Integer",
        "Sep Float",
        "Showboxes Integer",
        "Size Float",
        "Smoothing SmoothType",
        "Sortv Integer",
        "Splines String",
        "Start String",
        "Style String",
        "Stylesheet String",
        "Target String",
        "Tooltip String",
        "Truecolor Boolean",
        "Viewport String",
        "VoroMargin Float",
        "Xdotversion String",
        "UnknownGraphAttribute"
      ],
      "src/Node.mad#ImagePos": [
        "IPosTL",
        "IPosTC",
        "IPosTR",
        "IPosML",
        "IPosMC",
        "IPosMR",
        "IPosBL",
        "IPosBC",
        "IPosBR"
      ],
      "src/Cluster.mad#ClusterAttribute": [
        "Area Float",
        "Bb Rect",
        "Bgcolor Color",
        "Class String",
        "ClusterAttr Boolean",
        "Color Color",
        "Colorscheme String",
        "Fillcolor Color",
        "Fontcolor Color",
        "Fontname String",
        "Fontsize Float",
        "Gradientangle Integer",
        "Href String",
        "Id String",
        "K Float",
        "Label String",
        "Labeljust Justification",
        "Labelloc String",
        "Layer String",
        "Lheight Float",
        "Lp String",
        "Lwidth Float",
        "Margin Float",
        "Nojustify Boolean",
        "Pencolor Color",
        "Penwidth Float",
        "Peripheries Integer",
        "Sortv Integer",
        "Style ClusterStyle",
        "Target String",
        "Tooltip String",
        "URL String",
        "UnmatchedClusterAttribute"
      ],
      "src/Node.mad#NodeShape": [
        "ShapeBox",
        "ShapePolygon",
        "ShapeEllipse",
        "ShapeOval",
        "ShapeCircle",
        "ShapePoint",
        "ShapeEgg",
        "ShapeTriangle",
        "ShapePlaintext",
        "ShapePlain",
        "ShapeDiamond",
        "ShapeTrapezium",
        "ShapeParallelogram",
        "ShapeHouse",
        "ShapePentagon",
        "ShapeHexagon",
        "ShapeSeptagon",
        "ShapeOctagon",
        "ShapeDoublecircle",
        "ShapeDoubleoctagon",
        "ShapeTripleoctagon",
        "ShapeInvtriangle",
        "ShapeInvtrapezium",
        "ShapeInvhouse",
        "ShapeMdiamond",
        "ShapeMsquare",
        "ShapeMcircle",
        "ShapeRect",
        "ShapeRectangle",
        "ShapeSquare",
        "ShapeStar",
        "ShapeNone",
        "ShapeUnderline",
        "ShapeCylinder",
        "ShapeNote",
        "ShapeTab",
        "ShapeFolder",
        "ShapeBox3d",
        "ShapeComponent",
        "ShapePromoter",
        "ShapeCds",
        "ShapeTerminator",
        "ShapeUtr",
        "ShapePrimersite",
        "ShapeRestrictionsite",
        "ShapeFivepoverhang",
        "ShapeThreepoverhang",
        "ShapeNoverhang",
        "ShapeAssembly",
        "ShapeSignature",
        "ShapeInsulator",
        "ShapeRibosite",
        "ShapeRnastab",
        "ShapeProteasesite",
        "ShapeProteinstab",
        "ShapeRpromoter",
        "ShapeRarrow",
        "ShapeLarrow",
        "ShapeLpromoter"
      ],
      "src/Cluster.mad#Justification": [
        "JustificationLeft",
        "JustificationCenter",
        "JustificationRight"
      ],
      "src/Graph.mad#Graph": [
        "GlobalGraph (List GraphAttribute)"
      ],
      "src/Edge.mad#Edge": [
        "Edge (List String) (List EdgeAttribute)",
        "GlobalEdge (List EdgeAttribute)"
      ],
      "src/Graph.mad#OutputMode": [
        "OutputBreadthFirst",
        "OutputNodesFirst",
        "OutputEdgesFirst"
      ],
      "src/Edge.mad#Direction": [
        "Forward",
        "Backward",
        "Bidirectional",
        "NoneDirection"
      ],
      "src/Graph.mad#PackMode": [
        "PackNode",
        "PackCluster",
        "PackGraph",
        "PackArray (List String)"
      ]
    }
  },
  "llvmApi": {
    "apiInstances": [
      "Scan Layout"
    ],
    "apiAliases": {
      "src/Config.mad#Config": "{ expressions :: { cluster :: { attributes :: String, separator :: String }, edge :: { attributeJoin :: String, join :: String, link :: String }, graph :: { attributeEnd :: String, attributes :: String, separator :: String }, node :: { attributeEnd :: String, attributeJoin :: String, join :: String } }, logging :: String }",
      "src/Graph.mad#RelativeNumber": "String",
      "src/Cluster.mad#Layer": "String",
      "src/Graph.mad#GPoint": "String"
    },
    "apiInterfaces": {},
    "apiNames": {
      "src/Cluster.mad#renderAttributesWithConfig": "{ expressions :: { cluster :: { attributes :: String, separator :: String }, edge :: { attributeJoin :: String, join :: String, link :: String }, graph :: { attributeEnd :: String, attributes :: String, separator :: String }, node :: { attributeEnd :: String, attributeJoin :: String, join :: String } }, logging :: String } -> List ClusterAttribute -> String",
      "toString": "Vizier -> String",
      "src/Edge.mad#stringToDirection": "String -> Direction",
      "src/Node.mad#stringToShape": "String -> NodeShape",
      "src/Node.mad#renderNodesWithConfig": "{ expressions :: { cluster :: { attributes :: String, separator :: String }, edge :: { attributeJoin :: String, join :: String, link :: String }, graph :: { attributeEnd :: String, attributes :: String, separator :: String }, node :: { attributeEnd :: String, attributeJoin :: String, join :: String } }, logging :: String } -> List Node -> String",
      "src/Edge.mad#renderAttributesWithConfig": "{ ...base, expressions :: { ...base, edge :: { ...base, attributeJoin :: String } } } -> List EdgeAttribute -> String",
      "src/Node.mad#shapeToString": "NodeShape -> String",
      "src/Graph.mad#attributeToString": "GraphAttribute -> String",
      "src/Graph.mad#layoutToString": "Layout -> String",
      "src/Dot.mad#attr": "String -> String -> String",
      "src/Graph.mad#clusterModeToString": "ClusterMode -> String",
      "src/Graph.mad#stringToLayout": "String -> Layout",
      "src/Dot.mad#literalAttr": "String -> String -> String",
      "src/Cluster.mad#renderAttributes": "List ClusterAttribute -> String",
      "src/Geometry.mad#rectToString": "Rect -> String",
      "src/Config.mad#DEFAULT_CONFIG": "{ expressions :: { cluster :: { attributes :: String, separator :: String }, edge :: { attributeJoin :: String, join :: String, link :: String }, graph :: { attributeEnd :: String, attributes :: String, separator :: String }, node :: { attributeEnd :: String, attributeJoin :: String, join :: String } }, logging :: String }",
      "src/Edge.mad#styleToString": "EdgeStyle -> String",
      "src/Node.mad#renderAttributesWithConfig": "{ expressions :: { cluster :: { attributes :: String, separator :: String }, edge :: { attributeJoin :: String, join :: String, link :: String }, graph :: { attributeEnd :: String, attributes :: String, separator :: String }, node :: { attributeEnd :: String, attributeJoin :: String, join :: String } }, logging :: String } -> List NodeAttribute -> String",
      "src/Edge.mad#stringToStyle": "String -> EdgeStyle",
      "src/Node.mad#literalAttr": "String -> String -> String",
      "src/Graph.mad#attribute": "Boolean -> String -> String -> String",
      "src/Graph.mad#quadTypeToString": "QuadType -> String",
      "src/Node.mad#stringToStyleLiteral": "String -> NodeStyle",
      "src/Node.mad#styleLiteralToString": "NodeStyle -> String",
      "src/Node.mad#stringToImagePos": "String -> ImagePos",
      "src/Node.mad#imagePosToString": "ImagePos -> String",
      "src/Edge.mad#renderEdgesWithConfig": "{ ...base, expressions :: { ...base, edge :: { ...base, join :: String } } } -> List Edge -> String",
      "src/Graph.mad#layoutModeToString": "LayoutMode -> String",
      "src/String.mad#replaceIndentWithConfig": "String -> String -> Integer -> String -> String",
      "src/Node.mad#attributeToString": "NodeAttribute -> String",
      "src/String.mad#indentByDelimiter": "String -> Integer -> String -> String",
      "src/String.mad#unquote": "String -> String",
      "src/Edge.mad#portPositionToString": "PortPosition -> String",
      "src/Edge.mad#renderLinksWithConfig": "{ ...base, expressions :: { ...base, edge :: { ...base, link :: String } } } -> List String -> String",
      "src/Dot.mad#attributeWithDelimiter": "String -> Boolean -> String -> String -> String",
      "src/Cluster.mad#renderAttributesWithDelimiter": "String -> List ClusterAttribute -> String",
      "src/Graph.mad#outputModeToString": "OutputMode -> String",
      "src/String.mad#replaceNewlineIndent": "String -> Integer -> String -> String",
      "src/Edge.mad#stringToArrow": "String -> ArrowType",
      "src/Edge.mad#directionToString": "Direction -> String",
      "src/Edge.mad#toString": "Edge -> String",
      "src/Edge.mad#arrowToString": "ArrowType -> String",
      "src/Graph.mad#literalAttr": "String -> String -> String",
      "src/Cluster.mad#toString": "Integer -> Cluster -> String",
      "src/String.mad#hexish": "String -> Boolean",
      "src/Graph.mad#renderAttributesWithConfig": "{ expressions :: { cluster :: { attributes :: String, separator :: String }, edge :: { attributeJoin :: String, join :: String, link :: String }, graph :: { attributeEnd :: String, attributes :: String, separator :: String }, node :: { attributeEnd :: String, attributeJoin :: String, join :: String } }, logging :: String } -> List GraphAttribute -> String",
      "src/Cluster.mad#renderClustersWithConfig": "{ expressions :: { cluster :: { attributes :: String, separator :: String }, edge :: { attributeJoin :: String, join :: String, link :: String }, graph :: { attributeEnd :: String, attributes :: String, separator :: String }, node :: { attributeEnd :: String, attributeJoin :: String, join :: String } }, logging :: String } -> List Cluster -> String",
      "src/Edge.mad#renderEdges": "List Edge -> String",
      "src/String.mad#doubleToSingleQuote": "String -> String",
      "src/String.mad#indent": "Integer -> String -> String",
      "src/Node.mad#attribute": "Boolean -> String -> String -> String",
      "src/Edge.mad#renderLinks": "List String -> String",
      "src/Node.mad#renderNode": "Node -> String",
      "src/String.mad#replaceNewline": "Integer -> String -> String",
      "src/Graph.mad#pageDirToString": "PageDir -> String",
      "src/Edge.mad#renderAttributes": "List EdgeAttribute -> String",
      "src/Graph.mad#attr": "String -> String -> String",
      "src/Node.mad#renderAttributes": "List NodeAttribute -> String",
      "src/String.mad#indenture": "String -> Integer -> String",
      "src/Graph.mad#toString": "Graph -> String",
      "src/Cluster.mad#styleLiteralToString": "ClusterStyle -> String",
      "src/Cluster.mad#stringToStyleLiteral": "String -> ClusterStyle",
      "src/Node.mad#attr": "String -> String -> String",
      "src/Node.mad#renderNodes": "List Node -> String",
      "src/Cluster.mad#attributeToString": "ClusterAttribute -> String",
      "src/Cluster.mad#renderClusters": "List Cluster -> String",
      "src/Edge.mad#attributeToString": "EdgeAttribute -> String",
      "src/Cluster.mad#justificationToString": "Justification -> String",
      "src/Graph.mad#renderAttributes": "List GraphAttribute -> String",
      "src/Dot.mad#attribute": "Boolean -> String -> String -> String",
      "src/Graph.mad#smoothTypeToString": "SmoothType -> String"
    },
    "apiTypes": {
      "src/Graph.mad#LayoutMode": [
        "NeatoMajor",
        "NeatoKK",
        "NeatoSGD",
        "NeatoHier",
        "NeatoIpSep"
      ],
      "src/Cluster.mad#ClusterStyle": [
        "ClusterStyleFilled",
        "ClusterStyleStriped",
        "ClusterStyleRounded"
      ],
      "src/Graph.mad#QuadType": [
        "QuadNormal",
        "QuadFast",
        "QuadNone"
      ],
      "src/Edge.mad#PortPosition": [
        "Central",
        "East",
        "North",
        "NorthEast",
        "NorthWest",
        "PortGap",
        "South",
        "SouthEast",
        "SouthWest"
      ],
      "src/Cluster.mad#Cluster": [
        "Cluster String (List ClusterAttribute) (List Node) (List Edge)"
      ],
      "src/Graph.mad#RankDir": [
        "RankDirTB",
        "RankDirLR",
        "RankDirBT",
        "RankDirRL"
      ],
      "src/Node.mad#NodeAttribute": [
        "Area Float",
        "Class String",
        "Color String",
        "Colorscheme String",
        "Comment String",
        "Distortion Float",
        "Fillcolor String",
        "Fixedsize Boolean",
        "Fontcolor String",
        "Fontname String",
        "Fontsize String",
        "Gradientangle Integer",
        "Group String",
        "Height Float",
        "Href String",
        "Id String",
        "Image String",
        "Imagepos ImagePos",
        "Imagescale String",
        "Label String",
        "Labelloc String",
        "Layer String",
        "Margin Float",
        "Nojustify Boolean",
        "Ordering String",
        "Orientation Float",
        "Penwidth Float",
        "Peripheries Integer",
        "Pin Boolean",
        "Pos String",
        "Rects (List Rect)",
        "Regular Boolean",
        "Root String",
        "Samplepoints Integer",
        "Shape NodeShape",
        "Showboxes Integer",
        "Sides Integer",
        "Skew Float",
        "Sortv Integer",
        "Style NodeStyle",
        "Target String",
        "Tooltip String",
        "URL String",
        "Vertices String",
        "Width Float",
        "Xlabel String",
        "Xlp String",
        "Z Float",
        "UnmatchedNodeAttribute"
      ],
      "src/Edge.mad#EdgeStyle": [
        "EdgeStyleDashed",
        "EdgeStyleDotted",
        "EdgeStyleSolid",
        "EdgeStyleInvis",
        "EdgeStyleBold",
        "EdgeStyleTapered"
      ],
      "src/Graph.mad#ClusterMode": [
        "ClusterModeLocal",
        "ClusterModeGlobal",
        "ClusterModeNone"
      ],
      "src/Graph.mad#Layout": [
        "LayoutDot",
        "LayoutNeato",
        "LayoutFDP",
        "LayoutSFDP",
        "LayoutCirco",
        "LayoutTwopi",
        "LayoutOsage",
        "LayoutPatchwork"
      ],
      "Vizier": [
        "Vizier String (List GraphAttribute) (List Graph) (List Cluster) (List Node) (List Edge)"
      ],
      "src/Graph.mad#SmoothType": [
        "SmoothNone",
        "SmoothAvgDist",
        "SmoothGraphDist",
        "SmoothPowerDist",
        "SmoothRng",
        "SmoothSpring",
        "SmoothTriangle"
      ],
      "src/Edge.mad#EdgeAttribute": [
        "Arrowhead ArrowType",
        "Arrowsize Float",
        "Arrowtail ArrowType",
        "Class String",
        "Color String",
        "Colorscheme String",
        "Comment String",
        "Constraint Boolean",
        "Decorate Boolean",
        "Dir Direction",
        "Edgehref String",
        "Edgetarget String",
        "Edgetooltip String",
        "EdgeURL String",
        "Fillcolor String",
        "Fontcolor String",
        "Fontname String",
        "Fontsize Float",
        "HeadLp String",
        "Headclip Boolean",
        "Headhref String",
        "Headlabel String",
        "Headport PortPosition",
        "Headtarget String",
        "Headtooltip String",
        "HeadURL String",
        "Href String",
        "Id String",
        "Label String",
        "Labelangle Float",
        "Labeldistance Float",
        "Labelfloat Boolean",
        "Labelfontcolor String",
        "Labelfontname String",
        "Labelfontsize Float",
        "Labelhref String",
        "Labeltarget String",
        "Labeltooltip String",
        "LabelURL String",
        "Layer String",
        "Len Float",
        "Lhead String",
        "Lp String",
        "Ltail String",
        "Minlen Integer",
        "Nojustify Boolean",
        "Penwidth Integer",
        "Pos String",
        "Radius Float",
        "Samehead String",
        "Sametail String",
        "Showboxes Integer",
        "Style EdgeStyle",
        "TailLp String",
        "Tailclip Boolean",
        "Tailhref String",
        "Taillabel String",
        "Tailport PortPosition",
        "Tailtarget String",
        "Tailtooltip String",
        "TailURL String",
        "Target String",
        "Tooltip String",
        "URL String",
        "Weight Float",
        "Xlabel String",
        "Xlp String",
        "UnmatchedEdgeAttribute"
      ],
      "src/Graph.mad#PageDir": [
        "PageDirBL",
        "PageDirBR",
        "PageDirTL",
        "PageDirTR",
        "PageDirRB",
        "PageDirRT",
        "PageDirLB",
        "PageDirLT"
      ],
      "src/Edge.mad#ArrowType": [
        "ArrowNormal",
        "ArrowInv",
        "ArrowDot",
        "ArrowInvdot",
        "ArrowOdot",
        "ArrowInvodot",
        "ArrowNone",
        "ArrowTee",
        "ArrowEmpty",
        "ArrowInvempty",
        "ArrowDiamond",
        "ArrowOdiamond",
        "ArrowEdiamond",
        "ArrowCrow",
        "ArrowObox",
        "ArrowOpen",
        "ArrowHalfopen",
        "ArrowVee",
        "ArrowBox"
      ],
      "src/Graph.mad#StartType": [
        "StartRegular",
        "StartSelf",
        "StartRandom"
      ],
      "src/Node.mad#NodeStyle": [
        "NodeStyleDashed",
        "NodeStyleDotted",
        "NodeStyleSolid",
        "NodeStyleInvis",
        "NodeStyleBold",
        "NodeStyleFilled",
        "NodeStyleStriped",
        "NodeStyleWedged",
        "NodeStyleDiagonals",
        "NodeStyleRounded"
      ],
      "src/Geometry.mad#Rect": [
        "Rect Integer Integer Integer Integer"
      ],
      "src/Node.mad#Node": [
        "Node String (List NodeAttribute)",
        "GlobalNode (List NodeAttribute)"
      ],
      "src/Graph.mad#GraphAttribute": [
        "Damping Float",
        "K Float",
        "TBbalance String",
        "URL String",
        "Background String",
        "Bb Rect",
        "Beautify Boolean",
        "Bgcolor String",
        "Center Boolean",
        "Charset String",
        "Class String",
        "Clusterrank ClusterMode",
        "Colorscheme String",
        "Comment String",
        "Compound Boolean",
        "Concentrate Boolean",
        "Defaultdist Float",
        "Dim Integer",
        "Dimen Integer",
        "Diredgeconstraints String Boolean",
        "Dpi Float",
        "Epsilon Float",
        "Esep RelativeNumber",
        "Fontcolor String",
        "Fontname String",
        "Fontnames String",
        "Fontpath String",
        "Fontsize Float",
        "Forcelabels Boolean",
        "Gradientangle Integer",
        "Href String",
        "Id String",
        "Imagepath String",
        "Inputscale Float",
        "Label String",
        "LabelScheme Integer",
        "Labeljust String",
        "Labelloc String",
        "Landscape Boolean",
        "Layerlistsep String",
        "Layers String",
        "Layerselect String",
        "Layersep String",
        "Layout Layout",
        "Levels Integer",
        "Levelsgap Float",
        "Lheight Float",
        "Linelength Integer",
        "Lp GPoint",
        "Lwidth Float",
        "Margin Float",
        "Maxiter Integer",
        "Mclimit Float",
        "Mindist Float",
        "Mode LayoutMode",
        "Model String",
        "Newrank Boolean",
        "Nodesep Float",
        "Nojustify Boolean",
        "Normalize Float",
        "Notranslate Boolean",
        "Nslimit Float",
        "Nslimit1 Float",
        "Oneblock Boolean",
        "Ordering String",
        "Orientation Float",
        "Outputorder OutputMode",
        "Overlap String",
        "OverlapScaling Float",
        "OverlapShrink Boolean",
        "Pack Boolean",
        "Packmode String",
        "Pad Float",
        "Page Float",
        "Pagedir PageDir",
        "Quadtree QuadType",
        "Quantum Float",
        "Rankdir String",
        "Ranksep (List Float)",
        "Ratio Float",
        "Remincross Boolean",
        "Repulsiveforce Float",
        "Resolution Float",
        "Root String",
        "Rotate Integer",
        "Rotation Float",
        "Scale Float",
        "Searchsize Integer",
        "Sep Float",
        "Showboxes Integer",
        "Size Float",
        "Smoothing SmoothType",
        "Sortv Integer",
        "Splines String",
        "Start String",
        "Style String",
        "Stylesheet String",
        "Target String",
        "Tooltip String",
        "Truecolor Boolean",
        "Viewport String",
        "VoroMargin Float",
        "Xdotversion String",
        "UnknownGraphAttribute"
      ],
      "src/Node.mad#ImagePos": [
        "IPosTL",
        "IPosTC",
        "IPosTR",
        "IPosML",
        "IPosMC",
        "IPosMR",
        "IPosBL",
        "IPosBC",
        "IPosBR"
      ],
      "src/Cluster.mad#ClusterAttribute": [
        "Area Float",
        "Bb Rect",
        "Bgcolor Color",
        "Class String",
        "ClusterAttr Boolean",
        "Color Color",
        "Colorscheme String",
        "Fillcolor Color",
        "Fontcolor Color",
        "Fontname String",
        "Fontsize Float",
        "Gradientangle Integer",
        "Href String",
        "Id String",
        "K Float",
        "Label String",
        "Labeljust Justification",
        "Labelloc String",
        "Layer String",
        "Lheight Float",
        "Lp String",
        "Lwidth Float",
        "Margin Float",
        "Nojustify Boolean",
        "Pencolor Color",
        "Penwidth Float",
        "Peripheries Integer",
        "Sortv Integer",
        "Style ClusterStyle",
        "Target String",
        "Tooltip String",
        "URL String",
        "UnmatchedClusterAttribute"
      ],
      "src/Node.mad#NodeShape": [
        "ShapeBox",
        "ShapePolygon",
        "ShapeEllipse",
        "ShapeOval",
        "ShapeCircle",
        "ShapePoint",
        "ShapeEgg",
        "ShapeTriangle",
        "ShapePlaintext",
        "ShapePlain",
        "ShapeDiamond",
        "ShapeTrapezium",
        "ShapeParallelogram",
        "ShapeHouse",
        "ShapePentagon",
        "ShapeHexagon",
        "ShapeSeptagon",
        "ShapeOctagon",
        "ShapeDoublecircle",
        "ShapeDoubleoctagon",
        "ShapeTripleoctagon",
        "ShapeInvtriangle",
        "ShapeInvtrapezium",
        "ShapeInvhouse",
        "ShapeMdiamond",
        "ShapeMsquare",
        "ShapeMcircle",
        "ShapeRect",
        "ShapeRectangle",
        "ShapeSquare",
        "ShapeStar",
        "ShapeNone",
        "ShapeUnderline",
        "ShapeCylinder",
        "ShapeNote",
        "ShapeTab",
        "ShapeFolder",
        "ShapeBox3d",
        "ShapeComponent",
        "ShapePromoter",
        "ShapeCds",
        "ShapeTerminator",
        "ShapeUtr",
        "ShapePrimersite",
        "ShapeRestrictionsite",
        "ShapeFivepoverhang",
        "ShapeThreepoverhang",
        "ShapeNoverhang",
        "ShapeAssembly",
        "ShapeSignature",
        "ShapeInsulator",
        "ShapeRibosite",
        "ShapeRnastab",
        "ShapeProteasesite",
        "ShapeProteinstab",
        "ShapeRpromoter",
        "ShapeRarrow",
        "ShapeLarrow",
        "ShapeLpromoter"
      ],
      "src/Cluster.mad#Justification": [
        "JustificationLeft",
        "JustificationCenter",
        "JustificationRight"
      ],
      "src/Graph.mad#Graph": [
        "GlobalGraph (List GraphAttribute)"
      ],
      "src/Edge.mad#Edge": [
        "Edge (List String) (List EdgeAttribute)",
        "GlobalEdge (List EdgeAttribute)"
      ],
      "src/Graph.mad#OutputMode": [
        "OutputBreadthFirst",
        "OutputNodesFirst",
        "OutputEdgesFirst"
      ],
      "src/Edge.mad#Direction": [
        "Forward",
        "Backward",
        "Bidirectional",
        "NoneDirection"
      ],
      "src/Graph.mad#PackMode": [
        "PackNode",
        "PackCluster",
        "PackGraph",
        "PackArray (List String)"
      ]
    }
  },
  "versionHash": "fbacc30a1f288ebf360ad2de66710082"
}
